
Microsoft Visual Studio Solution File, Format Version 12.00
# Visual Studio Version 18
VisualStudioVersion = 18.3.11408.92
MinimumVisualStudioVersion = 10.0.40219.1
Project("{9A19103F-16F7-4668-BE54-9A1E7A4F7556}") = "ContactSystem.API", "ContactSystem\ContactSystem.API.csproj", "{B3AD393D-5ED2-4E99-BCF9-6F1668E66B48}"
EndProject
Project("{2150E333-8FDC-42A3-9474-1A3956D46DE8}") = "ContactSystem.Infra", "ContactSystem.Infra", "{2D3C4964-948D-4A28-B019-1659E419755C}"
EndProject
Project("{9A19103F-16F7-4668-BE54-9A1E7A4F7556}") = "ContactSystem.Infrastructure", "ContactSystem.Infrastructure\ContactSystem.Infrastructure.csproj", "{3225823F-02FF-44EA-87BF-39E99F8E237F}"
EndProject
Project("{2150E333-8FDC-42A3-9474-1A3956D46DE8}") = "ContactSystem.Application", "ContactSystem.Application", "{65A388FB-4A34-4BCE-A40A-887B418705AD}"
EndProject
Project("{9A19103F-16F7-4668-BE54-9A1E7A4F7556}") = "ContactSystem.Application", "ContactSystem.Application\ContactSystem.Application.csproj", "{F538F9AB-08A0-4D55-B71D-5A0FDD545B0B}"
EndProject
Project("{2150E333-8FDC-42A3-9474-1A3956D46DE8}") = "ContactSystem.Client", "ContactSystem.Client", "{95056A00-D1AB-403E-B066-87BE91853D7C}"
EndProject
Project("{E24C65DC-7377-472B-9ABA-BC803B73C61A}") = "ContactSystem.Client", "ContactSystem.Client\", "{76521887-A541-4D83-8F42-EDD479A61CF1}"
	ProjectSection(WebsiteProperties) = preProject
		TargetFrameworkMoniker = ".NETFramework,Version%3Dv4.8"
		Debug.AspNetCompiler.VirtualPath = "/localhost_59751"
		Debug.AspNetCompiler.PhysicalPath = "ContactSystem.Client\"
		Debug.AspNetCompiler.TargetPath = "PrecompiledWeb\localhost_59751\"
		Debug.AspNetCompiler.Updateable = "false"
		Debug.AspNetCompiler.ForceOverwrite = "true"
		Debug.AspNetCompiler.FixedNames = "false"
		Debug.AspNetCompiler.Debug = "True"
		Release.AspNetCompiler.VirtualPath = "/localhost_59751"
		Release.AspNetCompiler.PhysicalPath = "ContactSystem.Client\"
		Release.AspNetCompiler.TargetPath = "PrecompiledWeb\localhost_59751\"
		Release.AspNetCompiler.Updateable = "false"
		Release.AspNetCompiler.ForceOverwrite = "true"
		Release.AspNetCompiler.FixedNames = "false"
		Release.AspNetCompiler.Debug = "False"
		VWDPort = "59751"
		SlnRelativePath = "ContactSystem.Client\"
	EndProjectSection
EndProject
Project("{FAE04EC0-301F-11D3-BF4B-00C04F79EFBC}") = "ContactSystem.UI", "ContactSystem.UI\ContactSystem.UI.csproj", "{74F15EAA-392A-44D5-9C3B-94909730AA0B}"
EndProject
Global
	GlobalSection(SolutionConfigurationPlatforms) = preSolution
		Debug|Any CPU = Debug|Any CPU
		Release|Any CPU = Release|Any CPU
	EndGlobalSection
	GlobalSection(ProjectConfigurationPlatforms) = postSolution
		{B3AD393D-5ED2-4E99-BCF9-6F1668E66B48}.Debug|Any CPU.ActiveCfg = Debug|Any CPU
		{B3AD393D-5ED2-4E99-BCF9-6F1668E66B48}.Debug|Any CPU.Build.0 = Debug|Any CPU
		{B3AD393D-5ED2-4E99-BCF9-6F1668E66B48}.Release|Any CPU.ActiveCfg = Release|Any CPU
		{B3AD393D-5ED2-4E99-BCF9-6F1668E66B48}.Release|Any CPU.Build.0 = Release|Any CPU
		{3225823F-02FF-44EA-87BF-39E99F8E237F}.Debug|Any CPU.ActiveCfg = Debug|Any CPU
		{3225823F-02FF-44EA-87BF-39E99F8E237F}.Debug|Any CPU.Build.0 = Debug|Any CPU
		{3225823F-02FF-44EA-87BF-39E99F8E237F}.Release|Any CPU.ActiveCfg = Release|Any CPU
		{3225823F-02FF-44EA-87BF-39E99F8E237F}.Release|Any CPU.Build.0 = Release|Any CPU
		{F538F9AB-08A0-4D55-B71D-5A0FDD545B0B}.Debug|Any CPU.ActiveCfg = Debug|Any CPU
		{F538F9AB-08A0-4D55-B71D-5A0FDD545B0B}.Debug|Any CPU.Build.0 = Debug|Any CPU
		{F538F9AB-08A0-4D55-B71D-5A0FDD545B0B}.Release|Any CPU.ActiveCfg = Release|Any CPU
		{F538F9AB-08A0-4D55-B71D-5A0FDD545B0B}.Release|Any CPU.Build.0 = Release|Any CPU
		{76521887-A541-4D83-8F42-EDD479A61CF1}.Debug|Any CPU.ActiveCfg = Debug|Any CPU
		{76521887-A541-4D83-8F42-EDD479A61CF1}.Debug|Any CPU.Build.0 = Debug|Any CPU
		{76521887-A541-4D83-8F42-EDD479A61CF1}.Release|Any CPU.ActiveCfg = Debug|Any CPU
		{76521887-A541-4D83-8F42-EDD479A61CF1}.Release|Any CPU.Build.0 = Debug|Any CPU
		{74F15EAA-392A-44D5-9C3B-94909730AA0B}.Debug|Any CPU.ActiveCfg = Debug|Any CPU
		{74F15EAA-392A-44D5-9C3B-94909730AA0B}.Debug|Any CPU.Build.0 = Debug|Any CPU
		{74F15EAA-392A-44D5-9C3B-94909730AA0B}.Release|Any CPU.ActiveCfg = Release|Any CPU
		{74F15EAA-392A-44D5-9C3B-94909730AA0B}.Release|Any CPU.Build.0 = Release|Any CPU
	EndGlobalSection
	GlobalSection(SolutionProperties) = preSolution
		HideSolutionNode = FALSE
	EndGlobalSection
	GlobalSection(NestedProjects) = preSolution
		{3225823F-02FF-44EA-87BF-39E99F8E237F} = {2D3C4964-948D-4A28-B019-1659E419755C}
		{F538F9AB-08A0-4D55-B71D-5A0FDD545B0B} = {65A388FB-4A34-4BCE-A40A-887B418705AD}
		{76521887-A541-4D83-8F42-EDD479A61CF1} = {95056A00-D1AB-403E-B066-87BE91853D7C}
		{74F15EAA-392A-44D5-9C3B-94909730AA0B} = {95056A00-D1AB-403E-B066-87BE91853D7C}
	EndGlobalSection
	GlobalSection(ExtensibilityGlobals) = postSolution
		SolutionGuid = {82ADB241-AECC-4322-A2E0-70206B9AAE5C}
	EndGlobalSection
EndGlobal
